
Microsoft Visual Studio Solution File, Format Version 11.00
# Visual Studio 2010
Project("{FAE04EC0-301F-11D3-BF4B-00C04F79EFBC}") = "PhoneGuitarTab.GuitarPro", "PhoneGuitarTab.GuitarPro\PhoneGuitarTab.GuitarPro.csproj", "{BD32A175-9AA1-4847-95FF-E6DE519F1E14}"
EndProject
Project("{FAE04EC0-301F-11D3-BF4B-00C04F79EFBC}") = "PhoneGuitarTab.UI.Notation", "PhoneGuitarTab.UI.Notation\PhoneGuitarTab.UI.Notation.csproj", "{8A7BCC7D-607A-4D9F-B991-18EB5FDD728F}"
EndProject
Project("{FAE04EC0-301F-11D3-BF4B-00C04F79EFBC}") = "PhoneGuitarTab.Core", "PhoneGuitarTab.Core\PhoneGuitarTab.Core.csproj", "{0A2CDA04-2A0F-44BB-A9B6-9815CB02C328}"
EndProject
Project("{FAE04EC0-301F-11D3-BF4B-00C04F79EFBC}") = "PhoneGuitarTab.Search", "PhoneGuitarTab.Search\PhoneGuitarTab.Search.csproj", "{84717845-7D26-4F3F-9DED-AE0C33FEE1E6}"
EndProject
Project("{FAE04EC0-301F-11D3-BF4B-00C04F79EFBC}") = "PhoneGuitarTab.Tests", "PhoneGuitarTab.Tests\PhoneGuitarTab.Tests.csproj", "{804392BB-6FBA-4186-B409-37F484FC04B4}"
EndProject
Project("{FAE04EC0-301F-11D3-BF4B-00C04F79EFBC}") = "PhoneGuitarTab.Tools", "PhoneGuitarTab.Tools\PhoneGuitarTab.Tools.csproj", "{63C51BFB-80AB-4A27-B7EA-5FBB2DFF1D50}"
EndProject
Global
	GlobalSection(SolutionConfigurationPlatforms) = preSolution
		Debug|Any CPU = Debug|Any CPU
		Debug|Mixed Platforms = Debug|Mixed Platforms
		Debug|x86 = Debug|x86
		Release|Any CPU = Release|Any CPU
		Release|Mixed Platforms = Release|Mixed Platforms
		Release|x86 = Release|x86
	EndGlobalSection
	GlobalSection(ProjectConfigurationPlatforms) = postSolution
		{BD32A175-9AA1-4847-95FF-E6DE519F1E14}.Debug|Any CPU.ActiveCfg = Debug|x86
		{BD32A175-9AA1-4847-95FF-E6DE519F1E14}.Debug|Mixed Platforms.ActiveCfg = Debug|x86
		{BD32A175-9AA1-4847-95FF-E6DE519F1E14}.Debug|Mixed Platforms.Build.0 = Debug|x86
		{BD32A175-9AA1-4847-95FF-E6DE519F1E14}.Debug|x86.ActiveCfg = Debug|x86
		{BD32A175-9AA1-4847-95FF-E6DE519F1E14}.Debug|x86.Build.0 = Debug|x86
		{BD32A175-9AA1-4847-95FF-E6DE519F1E14}.Release|Any CPU.ActiveCfg = Release|x86
		{BD32A175-9AA1-4847-95FF-E6DE519F1E14}.Release|Mixed Platforms.ActiveCfg = Release|x86
		{BD32A175-9AA1-4847-95FF-E6DE519F1E14}.Release|Mixed Platforms.Build.0 = Release|x86
		{BD32A175-9AA1-4847-95FF-E6DE519F1E14}.Release|x86.ActiveCfg = Release|x86
		{BD32A175-9AA1-4847-95FF-E6DE519F1E14}.Release|x86.Build.0 = Release|x86
		{8A7BCC7D-607A-4D9F-B991-18EB5FDD728F}.Debug|Any CPU.ActiveCfg = Debug|Any CPU
		{8A7BCC7D-607A-4D9F-B991-18EB5FDD728F}.Debug|Any CPU.Build.0 = Debug|Any CPU
		{8A7BCC7D-607A-4D9F-B991-18EB5FDD728F}.Debug|Any CPU.Deploy.0 = Debug|Any CPU
		{8A7BCC7D-607A-4D9F-B991-18EB5FDD728F}.Debug|Mixed Platforms.ActiveCfg = Debug|Any CPU
		{8A7BCC7D-607A-4D9F-B991-18EB5FDD728F}.Debug|Mixed Platforms.Build.0 = Debug|Any CPU
		{8A7BCC7D-607A-4D9F-B991-18EB5FDD728F}.Debug|Mixed Platforms.Deploy.0 = Debug|Any CPU
		{8A7BCC7D-607A-4D9F-B991-18EB5FDD728F}.Debug|x86.ActiveCfg = Debug|Any CPU
		{8A7BCC7D-607A-4D9F-B991-18EB5FDD728F}.Release|Any CPU.ActiveCfg = Release|Any CPU
		{8A7BCC7D-607A-4D9F-B991-18EB5FDD728F}.Release|Any CPU.Build.0 = Release|Any CPU
		{8A7BCC7D-607A-4D9F-B991-18EB5FDD728F}.Release|Any CPU.Deploy.0 = Release|Any CPU
		{8A7BCC7D-607A-4D9F-B991-18EB5FDD728F}.Release|Mixed Platforms.ActiveCfg = Release|Any CPU
		{8A7BCC7D-607A-4D9F-B991-18EB5FDD728F}.Release|Mixed Platforms.Build.0 = Release|Any CPU
		{8A7BCC7D-607A-4D9F-B991-18EB5FDD728F}.Release|Mixed Platforms.Deploy.0 = Release|Any CPU
		{8A7BCC7D-607A-4D9F-B991-18EB5FDD728F}.Release|x86.ActiveCfg = Release|Any CPU
		{0A2CDA04-2A0F-44BB-A9B6-9815CB02C328}.Debug|Any CPU.ActiveCfg = Debug|Any CPU
		{0A2CDA04-2A0F-44BB-A9B6-9815CB02C328}.Debug|Any CPU.Build.0 = Debug|Any CPU
		{0A2CDA04-2A0F-44BB-A9B6-9815CB02C328}.Debug|Mixed Platforms.ActiveCfg = Debug|Any CPU
		{0A2CDA04-2A0F-44BB-A9B6-9815CB02C328}.Debug|Mixed Platforms.Build.0 = Debug|Any CPU
		{0A2CDA04-2A0F-44BB-A9B6-9815CB02C328}.Debug|x86.ActiveCfg = Debug|Any CPU
		{0A2CDA04-2A0F-44BB-A9B6-9815CB02C328}.Release|Any CPU.ActiveCfg = Release|Any CPU
		{0A2CDA04-2A0F-44BB-A9B6-9815CB02C328}.Release|Any CPU.Build.0 = Release|Any CPU
		{0A2CDA04-2A0F-44BB-A9B6-9815CB02C328}.Release|Mixed Platforms.ActiveCfg = Release|Any CPU
		{0A2CDA04-2A0F-44BB-A9B6-9815CB02C328}.Release|Mixed Platforms.Build.0 = Release|Any CPU
		{0A2CDA04-2A0F-44BB-A9B6-9815CB02C328}.Release|x86.ActiveCfg = Release|Any CPU
		{84717845-7D26-4F3F-9DED-AE0C33FEE1E6}.Debug|Any CPU.ActiveCfg = Debug|Any CPU
		{84717845-7D26-4F3F-9DED-AE0C33FEE1E6}.Debug|Any CPU.Build.0 = Debug|Any CPU
		{84717845-7D26-4F3F-9DED-AE0C33FEE1E6}.Debug|Mixed Platforms.ActiveCfg = Debug|Any CPU
		{84717845-7D26-4F3F-9DED-AE0C33FEE1E6}.Debug|Mixed Platforms.Build.0 = Debug|Any CPU
		{84717845-7D26-4F3F-9DED-AE0C33FEE1E6}.Debug|x86.ActiveCfg = Debug|Any CPU
		{84717845-7D26-4F3F-9DED-AE0C33FEE1E6}.Release|Any CPU.ActiveCfg = Release|Any CPU
		{84717845-7D26-4F3F-9DED-AE0C33FEE1E6}.Release|Any CPU.Build.0 = Release|Any CPU
		{84717845-7D26-4F3F-9DED-AE0C33FEE1E6}.Release|Mixed Platforms.ActiveCfg = Release|Any CPU
		{84717845-7D26-4F3F-9DED-AE0C33FEE1E6}.Release|Mixed Platforms.Build.0 = Release|Any CPU
		{84717845-7D26-4F3F-9DED-AE0C33FEE1E6}.Release|x86.ActiveCfg = Release|Any CPU
		{804392BB-6FBA-4186-B409-37F484FC04B4}.Debug|Any CPU.ActiveCfg = Debug|Any CPU
		{804392BB-6FBA-4186-B409-37F484FC04B4}.Debug|Any CPU.Build.0 = Debug|Any CPU
		{804392BB-6FBA-4186-B409-37F484FC04B4}.Debug|Mixed Platforms.ActiveCfg = Debug|Any CPU
		{804392BB-6FBA-4186-B409-37F484FC04B4}.Debug|Mixed Platforms.Build.0 = Debug|Any CPU
		{804392BB-6FBA-4186-B409-37F484FC04B4}.Debug|x86.ActiveCfg = Debug|Any CPU
		{804392BB-6FBA-4186-B409-37F484FC04B4}.Release|Any CPU.ActiveCfg = Release|Any CPU
		{804392BB-6FBA-4186-B409-37F484FC04B4}.Release|Any CPU.Build.0 = Release|Any CPU
		{804392BB-6FBA-4186-B409-37F484FC04B4}.Release|Mixed Platforms.ActiveCfg = Release|Any CPU
		{804392BB-6FBA-4186-B409-37F484FC04B4}.Release|Mixed Platforms.Build.0 = Release|Any CPU
		{804392BB-6FBA-4186-B409-37F484FC04B4}.Release|x86.ActiveCfg = Release|Any CPU
		{63C51BFB-80AB-4A27-B7EA-5FBB2DFF1D50}.Debug|Any CPU.ActiveCfg = Debug|Any CPU
		{63C51BFB-80AB-4A27-B7EA-5FBB2DFF1D50}.Debug|Any CPU.Build.0 = Debug|Any CPU
		{63C51BFB-80AB-4A27-B7EA-5FBB2DFF1D50}.Debug|Mixed Platforms.ActiveCfg = Debug|Any CPU
		{63C51BFB-80AB-4A27-B7EA-5FBB2DFF1D50}.Debug|Mixed Platforms.Build.0 = Debug|Any CPU
		{63C51BFB-80AB-4A27-B7EA-5FBB2DFF1D50}.Debug|x86.ActiveCfg = Debug|Any CPU
		{63C51BFB-80AB-4A27-B7EA-5FBB2DFF1D50}.Release|Any CPU.ActiveCfg = Release|Any CPU
		{63C51BFB-80AB-4A27-B7EA-5FBB2DFF1D50}.Release|Any CPU.Build.0 = Release|Any CPU
		{63C51BFB-80AB-4A27-B7EA-5FBB2DFF1D50}.Release|Mixed Platforms.ActiveCfg = Release|Any CPU
		{63C51BFB-80AB-4A27-B7EA-5FBB2DFF1D50}.Release|Mixed Platforms.Build.0 = Release|Any CPU
		{63C51BFB-80AB-4A27-B7EA-5FBB2DFF1D50}.Release|x86.ActiveCfg = Release|Any CPU
	EndGlobalSection
	GlobalSection(SolutionProperties) = preSolution
		HideSolutionNode = FALSE
	EndGlobalSection
EndGlobal
